{
  "originHash" : "84d28b85bd41e1361b8cb04923acae897e771e337e2c980b5e2c90ca668a6042",
  "pins" : [
    {
      "identity" : "syzygy-foundation-ios",
      "kind" : "remoteSourceControl",
      "location" : "https://github.com/Syzygy-Hub/syzygy-foundation-ios.git",
      "state" : {
        "revision" : "26cdd82be96d302748d7d3fb8b721e1eb336f21e",
        "version" : "3.0.0"
      }
    }
  ],
  "version" : 3
}
